<?xml version="1.0" encoding="utf-8"?>
<Project ToolsVersion="4.0" xmlns="http://schemas.microsoft.com/developer/msbuild/2003">
  <ItemGroup>
    <ClCompile Include="Asteroid.cpp" />
    <ClCompile Include="AsteroidsGame.cpp" />
    <ClCompile Include="AsteroidsManager.cpp" />
    <ClCompile Include="BasicKBCtrlComponent.cpp" />
    <ClCompile Include="BasicMotionPhysics.cpp" />
    <ClCompile Include="Bullet.cpp" />
    <ClCompile Include="BulletsManager.cpp" />
    <ClCompile Include="CircularMotionPhysics.cpp" />
    <ClCompile Include="ClientConnection.cpp" />
    <ClCompile Include="CollisionManager.cpp" />
    <ClCompile Include="Collisions.cpp" />
    <ClCompile Include="ConnectedPlayersRenderer.cpp" />
    <ClCompile Include="Container.cpp" />
    <ClCompile Include="DeActivateOnBorderExit.cpp" />
    <ClCompile Include="DemoActor.cpp" />
    <ClCompile Include="Fighter.cpp" />
    <ClCompile Include="FightersManager.cpp" />
    <ClCompile Include="FillRectRenderer.cpp" />
    <ClCompile Include="Font.cpp" />
    <ClCompile Include="FreeMoveInputComponent.cpp" />
    <ClCompile Include="GameCtrlInputComponent.cpp" />
    <ClCompile Include="GameManager.cpp" />
    <ClCompile Include="GameObject.cpp" />
    <ClCompile Include="GameStatusRenderer.cpp" />
    <ClCompile Include="GunInputComponent.cpp" />
    <ClCompile Include="ImageRenderer.cpp" />
    <ClCompile Include="InputComponent.cpp" />
    <ClCompile Include="main.cpp" />
    <ClCompile Include="Music.cpp" />
    <ClCompile Include="NetworkMessanger.cpp" />
    <ClCompile Include="NetworkMessenger.cpp" />
    <ClCompile Include="Observable.cpp" />
    <ClCompile Include="Observer.cpp" />
    <ClCompile Include="PhysicsComponent.cpp" />
    <ClCompile Include="PlayersInfoRenderer.cpp" />
    <ClCompile Include="RenderComponent.cpp" />
    <ClCompile Include="Resources.cpp" />
    <ClCompile Include="RotationPhysics.cpp" />
    <ClCompile Include="SDLGame.cpp" />
    <ClCompile Include="Server.cpp" />
    <ClCompile Include="SkeletonRenderer.cpp" />
    <ClCompile Include="SoundEffect.cpp" />
    <ClCompile Include="Texture.cpp" />
    <ClCompile Include="Vector2D.cpp" />
  </ItemGroup>
  <ItemGroup>
    <ClInclude Include="Asteroid.h" />
    <ClInclude Include="AsteroidsGame.h" />
    <ClInclude Include="AsteroidsManager.h" />
    <ClInclude Include="BasicKBCtrlComponent.h" />
    <ClInclude Include="BasicMotionPhysics.h" />
    <ClInclude Include="Bullet.h" />
    <ClInclude Include="BulletsManager.h" />
    <ClInclude Include="CircularMotionPhysics.h" />
    <ClInclude Include="ClientConnection.h" />
    <ClInclude Include="CollisionManager.h" />
    <ClInclude Include="Collisions.h" />
    <ClInclude Include="ConnectedPlayersRenderer.h" />
    <ClInclude Include="Container.h" />
    <ClInclude Include="DeActivateOnBorderExit.h" />
    <ClInclude Include="DemoActor.h" />
    <ClInclude Include="Fighter.h" />
    <ClInclude Include="FightersManager.h" />
    <ClInclude Include="FillRectRenderer.h" />
    <ClInclude Include="Font.h" />
    <ClInclude Include="FreeMoveInputComponent.h" />
    <ClInclude Include="GameCtrlInputComponent.h" />
    <ClInclude Include="GameManager.h" />
    <ClInclude Include="GameObject.h" />
    <ClInclude Include="GameStatusRenderer.h" />
    <ClInclude Include="GunInputComponent.h" />
    <ClInclude Include="ImageRenderer.h" />
    <ClInclude Include="InputComponent.h" />
    <ClInclude Include="Messages.h" />
    <ClInclude Include="Music.h" />
    <ClInclude Include="NetworkMessanger.h" />
    <ClInclude Include="NetworkMessenger.h" />
    <ClInclude Include="Observable.h" />
    <ClInclude Include="Observer.h" />
    <ClInclude Include="PhysicsComponent.h" />
    <ClInclude Include="PlayersInfoRenderer.h" />
    <ClInclude Include="RenderComponent.h" />
    <ClInclude Include="Resources.h" />
    <ClInclude Include="RotationPhysics.h" />
    <ClInclude Include="sdl_includes.h" />
    <ClInclude Include="SDLGame.h" />
    <ClInclude Include="Server.h" />
    <ClInclude Include="SkeletonRenderer.h" />
    <ClInclude Include="SoundEffect.h" />
    <ClInclude Include="Texture.h" />
    <ClInclude Include="Vector2D.h" />
  </ItemGroup>
</Project>